
Microsoft Visual Studio Solution File, Format Version 12.00
# Visual Studio Version 17
VisualStudioVersion = 17.4.33213.308
MinimumVisualStudioVersion = 10.0.40219.1
Project("{FAE04EC0-301F-11D3-BF4B-00C04F79EFBC}") = "Db_Labb_4", "Db_Labb_4\Db_Labb_4.csproj", "{47E657D7-C1BE-4FF7-B78A-AD42E9A45713}"
EndProject
Global
	GlobalSection(SolutionConfigurationPlatforms) = preSolution
		Debug|Any CPU = Debug|Any CPU
		Release|Any CPU = Release|Any CPU
	EndGlobalSection
	GlobalSection(ProjectConfigurationPlatforms) = postSolution
		{47E657D7-C1BE-4FF7-B78A-AD42E9A45713}.Debug|Any CPU.ActiveCfg = Debug|Any CPU
		{47E657D7-C1BE-4FF7-B78A-AD42E9A45713}.Debug|Any CPU.Build.0 = Debug|Any CPU
		{47E657D7-C1BE-4FF7-B78A-AD42E9A45713}.Release|Any CPU.ActiveCfg = Release|Any CPU
		{47E657D7-C1BE-4FF7-B78A-AD42E9A45713}.Release|Any CPU.Build.0 = Release|Any CPU
	EndGlobalSection
	GlobalSection(SolutionProperties) = preSolution
		HideSolutionNode = FALSE
	EndGlobalSection
	GlobalSection(ExtensibilityGlobals) = postSolution
		SolutionGuid = {C5F86E09-0CB6-4F00-A095-9EC71297419A}
	EndGlobalSection
EndGlobal
